hash: fe700a632becb3b3104deb4c8cdb12c30fed7554bf7d2efc43eb240d93be43a2
updated: 2016-05-24T17:32:28.314043612-04:00
imports:
- name: github.com/apex/log
  version: a999c1b29c986b1972ec53b15092b63a8051ec83
  subpackages:
  - handlers/text
- name: github.com/gorilla/context
  version: a8d44e7d8e4d532b6a27a02dd82abb31cc1b01bd
- name: github.com/gorilla/mux
  version: 9c19ed558d5df4da88e2ade9c8940d742aef0e7e
- name: github.com/hashicorp/consul
  version: 14c24154e8db989a8d17fd5e15f1b6ce7885f29e
  subpackages:
  - api
- name: github.com/hashicorp/go-cleanhttp
  version: 875fb671b3ddc66f8e2f0acc33829c8cb989a38d
- name: github.com/hashicorp/serf
  version: e4ec8cc423bbe20d26584b96efbeb9102e16d05f
  subpackages:
  - coordinate
- name: golang.org/x/sys
  version: d4feaf1a7e61e1d9e79e6c4e76c6349e9cab0a03
  subpackages:
  - unix
- name: gopkg.in/libgit2/git2go.v24
  version: 8eaae73f85dd3df78df80d2dac066eb0866444ae
devImports: []
